// !$*UTF8*$!
{
	archiveVersion = 1;
	classes = {
	};
	objectVersion = 56;
	objects = {

/* Begin PBXBuildFile section */
		186C95D429BDF2480071BFA4 /* AppDelegate.swift in Sources */ = {isa = PBXBuildFile; fileRef = 186C95D329BDF2480071BFA4 /* AppDelegate.swift */; };
		186C95D629BDF2480071BFA4 /* SceneDelegate.swift in Sources */ = {isa = PBXBuildFile; fileRef = 186C95D529BDF2480071BFA4 /* SceneDelegate.swift */; };
		186C95D829BDF2480071BFA4 /* ViewController.swift in Sources */ = {isa = PBXBuildFile; fileRef = 186C95D729BDF2480071BFA4 /* ViewController.swift */; };
		186C95DB29BDF2480071BFA4 /* Main.storyboard in Resources */ = {isa = PBXBuildFile; fileRef = 186C95D929BDF2480071BFA4 /* Main.storyboard */; };
		186C95DD29BDF2490071BFA4 /* Assets.xcassets in Resources */ = {isa = PBXBuildFile; fileRef = 186C95DC29BDF2490071BFA4 /* Assets.xcassets */; };
		186C95E029BDF2490071BFA4 /* LaunchScreen.storyboard in Resources */ = {isa = PBXBuildFile; fileRef = 186C95DE29BDF2490071BFA4 /* LaunchScreen.storyboard */; };
		186C95EB29BDF2490071BFA4 /* Homework_sprint_3Tests.swift in Sources */ = {isa = PBXBuildFile; fileRef = 186C95EA29BDF2490071BFA4 /* Homework_sprint_3Tests.swift */; };
		186C95F529BDF2490071BFA4 /* Homework_sprint_3UITests.swift in Sources */ = {isa = PBXBuildFile; fileRef = 186C95F429BDF2490071BFA4 /* Homework_sprint_3UITests.swift */; };
		186C95F729BDF2490071BFA4 /* Homework_sprint_3UITestsLaunchTests.swift in Sources */ = {isa = PBXBuildFile; fileRef = 186C95F629BDF2490071BFA4 /* Homework_sprint_3UITestsLaunchTests.swift */; };
/* End PBXBuildFile section */

/* Begin PBXContainerItemProxy section */
		186C95E729BDF2490071BFA4 /* PBXContainerItemProxy */ = {
			isa = PBXContainerItemProxy;
			containerPortal = 186C95C829BDF2480071BFA4 /* Project object */;
			proxyType = 1;
			remoteGlobalIDString = 186C95CF29BDF2480071BFA4;
			remoteInfo = "Homework sprint 3";
		};
		186C95F129BDF2490071BFA4 /* PBXContainerItemProxy */ = {
			isa = PBXContainerItemProxy;
			containerPortal = 186C95C829BDF2480071BFA4 /* Project object */;
			proxyType = 1;
			remoteGlobalIDString = 186C95CF29BDF2480071BFA4;
			remoteInfo = "Homework sprint 3";
		};
/* End PBXContainerItemProxy section */

/* Begin PBXFileReference section */
		186C95D029BDF2480071BFA4 /* Homework sprint 3.app */ = {isa = PBXFileReference; explicitFileType = wrapper.application; includeInIndex = 0; path = "Homework sprint 3.app"; sourceTree = BUILT_PRODUCTS_DIR; };
		186C95D329BDF2480071BFA4 /* AppDelegate.swift */ = {isa = PBXFileReference; lastKnownFileType = sourcecode.swift; path = AppDelegate.swift; sourceTree = "<group>"; };
		186C95D529BDF2480071BFA4 /* SceneDelegate.swift */ = {isa = PBXFileReference; lastKnownFileType = sourcecode.swift; path = SceneDelegate.swift; sourceTree = "<group>"; };
		186C95D729BDF2480071BFA4 /* ViewController.swift */ = {isa = PBXFileReference; lastKnownFileType = sourcecode.swift; path = ViewController.swift; sourceTree = "<group>"; };
		186C95DA29BDF2480071BFA4 /* Base */ = {isa = PBXFileReference; lastKnownFileType = file.storyboard; name = Base; path = Base.lproj/Main.storyboard; sourceTree = "<group>"; };
		186C95DC29BDF2490071BFA4 /* Assets.xcassets */ = {isa = PBXFileReference; lastKnownFileType = folder.assetcatalog; path = Assets.xcassets; sourceTree = "<group>"; };
		186C95DF29BDF2490071BFA4 /* Base */ = {isa = PBXFileReference; lastKnownFileType = file.storyboard; name = Base; path = Base.lproj/LaunchScreen.storyboard; sourceTree = "<group>"; };
		186C95E129BDF2490071BFA4 /* Info.plist */ = {isa = PBXFileReference; lastKnownFileType = text.plist.xml; path = Info.plist; sourceTree = "<group>"; };
		186C95E629BDF2490071BFA4 /* Homework sprint 3Tests.xctest */ = {isa = PBXFileReference; explicitFileType = wrapper.cfbundle; includeInIndex = 0; path = "Homework sprint 3Tests.xctest"; sourceTree = BUILT_PRODUCTS_DIR; };
		186C95EA29BDF2490071BFA4 /* Homework_sprint_3Tests.swift */ = {isa = PBXFileReference; lastKnownFileType = sourcecode.swift; path = Homework_sprint_3Tests.swift; sourceTree = "<group>"; };
		186C95F029BDF2490071BFA4 /* Homework sprint 3UITests.xctest */ = {isa = PBXFileReference; explicitFileType = wrapper.cfbundle; includeInIndex = 0; path = "Homework sprint 3UITests.xctest"; sourceTree = BUILT_PRODUCTS_DIR; };
		186C95F429BDF2490071BFA4 /* Homework_sprint_3UITests.swift */ = {isa = PBXFileReference; lastKnownFileType = sourcecode.swift; path = Homework_sprint_3UITests.swift; sourceTree = "<group>"; };
		186C95F629BDF2490071BFA4 /* Homework_sprint_3UITestsLaunchTests.swift */ = {isa = PBXFileReference; lastKnownFileType = sourcecode.swift; path = Homework_sprint_3UITestsLaunchTests.swift; sourceTree = "<group>"; };
/* End PBXFileReference section */

/* Begin PBXFrameworksBuildPhase section */
		186C95CD29BDF2480071BFA4 /* Frameworks */ = {
			isa = PBXFrameworksBuildPhase;
			buildActionMask = 2147483647;
			files = (
			);
			runOnlyForDeploymentPostprocessing = 0;
		};
		186C95E329BDF2490071BFA4 /* Frameworks */ = {
			isa = PBXFrameworksBuildPhase;
			buildActionMask = 2147483647;
			files = (
			);
			runOnlyForDeploymentPostprocessing = 0;
		};
		186C95ED29BDF2490071BFA4 /* Frameworks */ = {
			isa = PBXFrameworksBuildPhase;
			buildActionMask = 2147483647;
			files = (
			);
			runOnlyForDeploymentPostprocessing = 0;
		};
/* End PBXFrameworksBuildPhase section */

/* Begin PBXGroup section */
		186C95C729BDF2480071BFA4 = {
			isa = PBXGroup;
			children = (
				186C95D229BDF2480071BFA4 /* Homework sprint 3 */,
				186C95E929BDF2490071BFA4 /* Homework sprint 3Tests */,
				186C95F329BDF2490071BFA4 /* Homework sprint 3UITests */,
				186C95D129BDF2480071BFA4 /* Products */,
			);
			sourceTree = "<group>";
		};
		186C95D129BDF2480071BFA4 /* Products */ = {
			isa = PBXGroup;
			children = (
				186C95D029BDF2480071BFA4 /* Homework sprint 3.app */,
				186C95E629BDF2490071BFA4 /* Homework sprint 3Tests.xctest */,
				186C95F029BDF2490071BFA4 /* Homework sprint 3UITests.xctest */,
			);
			name = Products;
			sourceTree = "<group>";
		};
		186C95D229BDF2480071BFA4 /* Homework sprint 3 */ = {
			isa = PBXGroup;
			children = (
				186C95D329BDF2480071BFA4 /* AppDelegate.swift */,
				186C95D529BDF2480071BFA4 /* SceneDelegate.swift */,
				186C95D729BDF2480071BFA4 /* ViewController.swift */,
				186C95D929BDF2480071BFA4 /* Main.storyboard */,
				186C95DC29BDF2490071BFA4 /* Assets.xcassets */,
				186C95DE29BDF2490071BFA4 /* LaunchScreen.storyboard */,
				186C95E129BDF2490071BFA4 /* Info.plist */,
			);
			path = "Homework sprint 3";
			sourceTree = "<group>";
		};
		186C95E929BDF2490071BFA4 /* Homework sprint 3Tests */ = {
			isa = PBXGroup;
			children = (
				186C95EA29BDF2490071BFA4 /* Homework_sprint_3Tests.swift */,
			);
			path = "Homework sprint 3Tests";
			sourceTree = "<group>";
		};
		186C95F329BDF2490071BFA4 /* Homework sprint 3UITests */ = {
			isa = PBXGroup;
			children = (
				186C95F429BDF2490071BFA4 /* Homework_sprint_3UITests.swift */,
				186C95F629BDF2490071BFA4 /* Homework_sprint_3UITestsLaunchTests.swift */,
			);
			path = "Homework sprint 3UITests";
			sourceTree = "<group>";
		};
/* End PBXGroup section */

/* Begin PBXNativeTarget section */
		186C95CF29BDF2480071BFA4 /* Homework sprint 3 */ = {
			isa = PBXNativeTarget;
			buildConfigurationList = 186C95FA29BDF2490071BFA4 /* Build configuration list for PBXNativeTarget "Homework sprint 3" */;
			buildPhases = (
				186C95CC29BDF2480071BFA4 /* Sources */,
				186C95CD29BDF2480071BFA4 /* Frameworks */,
				186C95CE29BDF2480071BFA4 /* Resources */,
			);
			buildRules = (
			);
			dependencies = (
			);
			name = "Homework sprint 3";
			productName = "Homework sprint 3";
			productReference = 186C95D029BDF2480071BFA4 /* Homework sprint 3.app */;
			productType = "com.apple.product-type.application";
		};
		186C95E529BDF2490071BFA4 /* Homework sprint 3Tests */ = {
			isa = PBXNativeTarget;
			buildConfigurationList = 186C95FD29BDF2490071BFA4 /* Build configuration list for PBXNativeTarget "Homework sprint 3Tests" */;
			buildPhases = (
				186C95E229BDF2490071BFA4 /* Sources */,
				186C95E329BDF2490071BFA4 /* Frameworks */,
				186C95E429BDF2490071BFA4 /* Resources */,
			);
			buildRules = (
			);
			dependencies = (
				186C95E829BDF2490071BFA4 /* PBXTargetDependency */,
			);
			name = "Homework sprint 3Tests";
			productName = "Homework sprint 3Tests";
			productReference = 186C95E629BDF2490071BFA4 /* Homework sprint 3Tests.xctest */;
			productType = "com.apple.product-type.bundle.unit-test";
		};
		186C95EF29BDF2490071BFA4 /* Homework sprint 3UITests */ = {
			isa = PBXNativeTarget;
			buildConfigurationList = 186C960029BDF2490071BFA4 /* Build configuration list for PBXNativeTarget "Homework sprint 3UITests" */;
			buildPhases = (
				186C95EC29BDF2490071BFA4 /* Sources */,
				186C95ED29BDF2490071BFA4 /* Frameworks */,
				186C95EE29BDF2490071BFA4 /* Resources */,
			);
			buildRules = (
			);
			dependencies = (
				186C95F229BDF2490071BFA4 /* PBXTargetDependency */,
			);
			name = "Homework sprint 3UITests";
			productName = "Homework sprint 3UITests";
			productReference = 186C95F029BDF2490071BFA4 /* Homework sprint 3UITests.xctest */;
			productType = "com.apple.product-type.bundle.ui-testing";
		};
/* End PBXNativeTarget section */

/* Begin PBXProject section */
		186C95C829BDF2480071BFA4 /* Project object */ = {
			isa = PBXProject;
			attributes = {
				BuildIndependentTargetsInParallel = 1;
				LastSwiftUpdateCheck = 1420;
				LastUpgradeCheck = 1420;
				TargetAttributes = {
					186C95CF29BDF2480071BFA4 = {
						CreatedOnToolsVersion = 14.2;
					};
					186C95E529BDF2490071BFA4 = {
						CreatedOnToolsVersion = 14.2;
						TestTargetID = 186C95CF29BDF2480071BFA4;
					};
					186C95EF29BDF2490071BFA4 = {
						CreatedOnToolsVersion = 14.2;
						TestTargetID = 186C95CF29BDF2480071BFA4;
					};
				};
			};
			buildConfigurationList = 186C95CB29BDF2480071BFA4 /* Build configuration list for PBXProject "Homework sprint 3" */;
			compatibilityVersion = "Xcode 14.0";
			developmentRegion = en;
			hasScannedForEncodings = 0;
			knownRegions = (
				en,
				Base,
			);
			mainGroup = 186C95C729BDF2480071BFA4;
			productRefGroup = 186C95D129BDF2480071BFA4 /* Products */;
			projectDirPath = "";
			projectRoot = "";
			targets = (
				186C95CF29BDF2480071BFA4 /* Homework sprint 3 */,
				186C95E529BDF2490071BFA4 /* Homework sprint 3Tests */,
				186C95EF29BDF2490071BFA4 /* Homework sprint 3UITests */,
			);
		};
/* End PBXProject section */

/* Begin PBXResourcesBuildPhase section */
		186C95CE29BDF2480071BFA4 /* Resources */ = {
			isa = PBXResourcesBuildPhase;
			buildActionMask = 2147483647;
			files = (
				186C95E029BDF2490071BFA4 /* LaunchScreen.storyboard in Resources */,
				186C95DD29BDF2490071BFA4 /* Assets.xcassets in Resources */,
				186C95DB29BDF2480071BFA4 /* Main.storyboard in Resources */,
			);
			runOnlyForDeploymentPostprocessing = 0;
		};
		186C95E429BDF2490071BFA4 /* Resources */ = {
			isa = PBXResourcesBuildPhase;
			buildActionMask = 2147483647;
			files = (
			);
			runOnlyForDeploymentPostprocessing = 0;
		};
		186C95EE29BDF2490071BFA4 /* Resources */ = {
			isa = PBXResourcesBuildPhase;
			buildActionMask = 2147483647;
			files = (
			);
			runOnlyForDeploymentPostprocessing = 0;
		};
/* End PBXResourcesBuildPhase section */

/* Begin PBXSourcesBuildPhase section */
		186C95CC29BDF2480071BFA4 /* Sources */ = {
			isa = PBXSourcesBuildPhase;
			buildActionMask = 2147483647;
			files = (
				186C95D829BDF2480071BFA4 /* ViewController.swift in Sources */,
				186C95D429BDF2480071BFA4 /* AppDelegate.swift in Sources */,
				186C95D629BDF2480071BFA4 /* SceneDelegate.swift in Sources */,
			);
			runOnlyForDeploymentPostprocessing = 0;
		};
		186C95E229BDF2490071BFA4 /* Sources */ = {
			isa = PBXSourcesBuildPhase;
			buildActionMask = 2147483647;
			files = (
				186C95EB29BDF2490071BFA4 /* Homework_sprint_3Tests.swift in Sources */,
			);
			runOnlyForDeploymentPostprocessing = 0;
		};
		186C95EC29BDF2490071BFA4 /* Sources */ = {
			isa = PBXSourcesBuildPhase;
			buildActionMask = 2147483647;
			files = (
				186C95F729BDF2490071BFA4 /* Homework_sprint_3UITestsLaunchTests.swift in Sources */,
				186C95F529BDF2490071BFA4 /* Homework_sprint_3UITests.swift in Sources */,
			);
			runOnlyForDeploymentPostprocessing = 0;
		};
/* End PBXSourcesBuildPhase section */

/* Begin PBXTargetDependency section */
		186C95E829BDF2490071BFA4 /* PBXTargetDependency */ = {
			isa = PBXTargetDependency;
			target = 186C95CF29BDF2480071BFA4 /* Homework sprint 3 */;
			targetProxy = 186C95E729BDF2490071BFA4 /* PBXContainerItemProxy */;
		};
		186C95F229BDF2490071BFA4 /* PBXTargetDependency */ = {
			isa = PBXTargetDependency;
			target = 186C95CF29BDF2480071BFA4 /* Homework sprint 3 */;
			targetProxy = 186C95F129BDF2490071BFA4 /* PBXContainerItemProxy */;
		};
/* End PBXTargetDependency section */

/* Begin PBXVariantGroup section */
		186C95D929BDF2480071BFA4 /* Main.storyboard */ = {
			isa = PBXVariantGroup;
			children = (
				186C95DA29BDF2480071BFA4 /* Base */,
			);
			name = Main.storyboard;
			sourceTree = "<group>";
		};
		186C95DE29BDF2490071BFA4 /* LaunchScreen.storyboard */ = {
			isa = PBXVariantGroup;
			children = (
				186C95DF29BDF2490071BFA4 /* Base */,
			);
			name = LaunchScreen.storyboard;
			sourceTree = "<group>";
		};
/* End PBXVariantGroup section */

/* Begin XCBuildConfiguration section */
		186C95F829BDF2490071BFA4 /* Debug */ = {
			isa = XCBuildConfiguration;
			buildSettings = {
				ALWAYS_SEARCH_USER_PATHS = NO;
				CLANG_ANALYZER_NONNULL = YES;
				CLANG_ANALYZER_NUMBER_OBJECT_CONVERSION = YES_AGGRESSIVE;
				CLANG_CXX_LANGUAGE_STANDARD = "gnu++20";
				CLANG_ENABLE_MODULES = YES;
				CLANG_ENABLE_OBJC_ARC = YES;
				CLANG_ENABLE_OBJC_WEAK = YES;
				CLANG_WARN_BLOCK_CAPTURE_AUTORELEASING = YES;
				CLANG_WARN_BOOL_CONVERSION = YES;
				CLANG_WARN_COMMA = YES;
				CLANG_WARN_CONSTANT_CONVERSION = YES;
				CLANG_WARN_DEPRECATED_OBJC_IMPLEMENTATIONS = YES;
				CLANG_WARN_DIRECT_OBJC_ISA_USAGE = YES_ERROR;
				CLANG_WARN_DOCUMENTATION_COMMENTS = YES;
				CLANG_WARN_EMPTY_BODY = YES;
				CLANG_WARN_ENUM_CONVERSION = YES;
				CLANG_WARN_INFINITE_RECURSION = YES;
				CLANG_WARN_INT_CONVERSION = YES;
				CLANG_WARN_NON_LITERAL_NULL_CONVERSION = YES;
				CLANG_WARN_OBJC_IMPLICIT_RETAIN_SELF = YES;
				CLANG_WARN_OBJC_LITERAL_CONVERSION = YES;
				CLANG_WARN_OBJC_ROOT_CLASS = YES_ERROR;
				CLANG_WARN_QUOTED_INCLUDE_IN_FRAMEWORK_HEADER = YES;
				CLANG_WARN_RANGE_LOOP_ANALYSIS = YES;
				CLANG_WARN_STRICT_PROTOTYPES = YES;
				CLANG_WARN_SUSPICIOUS_MOVE = YES;
				CLANG_WARN_UNGUARDED_AVAILABILITY = YES_AGGRESSIVE;
				CLANG_WARN_UNREACHABLE_CODE = YES;
				CLANG_WARN__DUPLICATE_METHOD_MATCH = YES;
				COPY_PHASE_STRIP = NO;
				DEBUG_INFORMATION_FORMAT = dwarf;
				ENABLE_STRICT_OBJC_MSGSEND = YES;
				ENABLE_TESTABILITY = YES;
				GCC_C_LANGUAGE_STANDARD = gnu11;
				GCC_DYNAMIC_NO_PIC = NO;
				GCC_NO_COMMON_BLOCKS = YES;
				GCC_OPTIMIZATION_LEVEL = 0;
				GCC_PREPROCESSOR_DEFINITIONS = (
					"DEBUG=1",
					"$(inherited)",
				);
				GCC_WARN_64_TO_32_BIT_CONVERSION = YES;
				GCC_WARN_ABOUT_RETURN_TYPE = YES_ERROR;
				GCC_WARN_UNDECLARED_SELECTOR = YES;
				GCC_WARN_UNINITIALIZED_AUTOS = YES_AGGRESSIVE;
				GCC_WARN_UNUSED_FUNCTION = YES;
				GCC_WARN_UNUSED_VARIABLE = YES;
				IPHONEOS_DEPLOYMENT_TARGET = 16.2;
				MTL_ENABLE_DEBUG_INFO = INCLUDE_SOURCE;
				MTL_FAST_MATH = YES;
				ONLY_ACTIVE_ARCH = YES;
				SDKROOT = iphoneos;
				SWIFT_ACTIVE_COMPILATION_CONDITIONS = DEBUG;
				SWIFT_OPTIMIZATION_LEVEL = "-Onone";
			};
			name = Debug;
		};
		186C95F929BDF2490071BFA4 /* Release */ = {
			isa = XCBuildConfiguration;
			buildSettings = {
				ALWAYS_SEARCH_USER_PATHS = NO;
				CLANG_ANALYZER_NONNULL = YES;
				CLANG_ANALYZER_NUMBER_OBJECT_CONVERSION = YES_AGGRESSIVE;
				CLANG_CXX_LANGUAGE_STANDARD = "gnu++20";
				CLANG_ENABLE_MODULES = YES;
				CLANG_ENABLE_OBJC_ARC = YES;
				CLANG_ENABLE_OBJC_WEAK = YES;
				CLANG_WARN_BLOCK_CAPTURE_AUTORELEASING = YES;
				CLANG_WARN_BOOL_CONVERSION = YES;
				CLANG_WARN_COMMA = YES;
				CLANG_WARN_CONSTANT_CONVERSION = YES;
				CLANG_WARN_DEPRECATED_OBJC_IMPLEMENTATIONS = YES;
				CLANG_WARN_DIRECT_OBJC_ISA_USAGE = YES_ERROR;
				CLANG_WARN_DOCUMENTATION_COMMENTS = YES;
				CLANG_WARN_EMPTY_BODY = YES;
				CLANG_WARN_ENUM_CONVERSION = YES;
				CLANG_WARN_INFINITE_RECURSION = YES;
				CLANG_WARN_INT_CONVERSION = YES;
				CLANG_WARN_NON_LITERAL_NULL_CONVERSION = YES;
				CLANG_WARN_OBJC_IMPLICIT_RETAIN_SELF = YES;
				CLANG_WARN_OBJC_LITERAL_CONVERSION = YES;
				CLANG_WARN_OBJC_ROOT_CLASS = YES_ERROR;
				CLANG_WARN_QUOTED_INCLUDE_IN_FRAMEWORK_HEADER = YES;
				CLANG_WARN_RANGE_LOOP_ANALYSIS = YES;
				CLANG_WARN_STRICT_PROTOTYPES = YES;
				CLANG_WARN_SUSPICIOUS_MOVE = YES;
				CLANG_WARN_UNGUARDED_AVAILABILITY = YES_AGGRESSIVE;
				CLANG_WARN_UNREACHABLE_CODE = YES;
				CLANG_WARN__DUPLICATE_METHOD_MATCH = YES;
				COPY_PHASE_STRIP = NO;
				DEBUG_INFORMATION_FORMAT = "dwarf-with-dsym";
				ENABLE_NS_ASSERTIONS = NO;
				ENABLE_STRICT_OBJC_MSGSEND = YES;
				GCC_C_LANGUAGE_STANDARD = gnu11;
				GCC_NO_COMMON_BLOCKS = YES;
				GCC_WARN_64_TO_32_BIT_CONVERSION = YES;
				GCC_WARN_ABOUT_RETURN_TYPE = YES_ERROR;
				GCC_WARN_UNDECLARED_SELECTOR = YES;
				GCC_WARN_UNINITIALIZED_AUTOS = YES_AGGRESSIVE;
				GCC_WARN_UNUSED_FUNCTION = YES;
				GCC_WARN_UNUSED_VARIABLE = YES;
				IPHONEOS_DEPLOYMENT_TARGET = 16.2;
				MTL_ENABLE_DEBUG_INFO = NO;
				MTL_FAST_MATH = YES;
				SDKROOT = iphoneos;
				SWIFT_COMPILATION_MODE = wholemodule;
				SWIFT_OPTIMIZATION_LEVEL = "-O";
				VALIDATE_PRODUCT = YES;
			};
			name = Release;
		};
		186C95FB29BDF2490071BFA4 /* Debug */ = {
			isa = XCBuildConfiguration;
			buildSettings = {
				ASSETCATALOG_COMPILER_APPICON_NAME = AppIcon;
				ASSETCATALOG_COMPILER_GLOBAL_ACCENT_COLOR_NAME = AccentColor;
				CODE_SIGN_STYLE = Automatic;
				CURRENT_PROJECT_VERSION = 1;
				DEVELOPMENT_TEAM = RWC5K36D88;
				GENERATE_INFOPLIST_FILE = YES;
				INFOPLIST_FILE = "Homework sprint 3/Info.plist";
				INFOPLIST_KEY_UIApplicationSupportsIndirectInputEvents = YES;
				INFOPLIST_KEY_UILaunchStoryboardName = LaunchScreen;
				INFOPLIST_KEY_UIMainStoryboardFile = Main;
				INFOPLIST_KEY_UISupportedInterfaceOrientations_iPad = "UIInterfaceOrientationPortrait UIInterfaceOrientationPortraitUpsideDown UIInterfaceOrientationLandscapeLeft UIInterfaceOrientationLandscapeRight";
				INFOPLIST_KEY_UISupportedInterfaceOrientations_iPhone = "UIInterfaceOrientationPortrait UIInterfaceOrientationLandscapeLeft UIInterfaceOrientationLandscapeRight";
				LD_RUNPATH_SEARCH_PATHS = (
					"$(inherited)",
					"@executable_path/Frameworks",
				);
				MARKETING_VERSION = 1.0;
				PRODUCT_BUNDLE_IDENTIFIER = "-23.Homework-sprint-3";
				PRODUCT_NAME = "$(TARGET_NAME)";
				SWIFT_EMIT_LOC_STRINGS = YES;
				SWIFT_VERSION = 5.0;
				TARGETED_DEVICE_FAMILY = "1,2";
			};
			name = Debug;
		};
		186C95FC29BDF2490071BFA4 /* Release */ = {
			isa = XCBuildConfiguration;
			buildSettings = {
				ASSETCATALOG_COMPILER_APPICON_NAME = AppIcon;
				ASSETCATALOG_COMPILER_GLOBAL_ACCENT_COLOR_NAME = AccentColor;
				CODE_SIGN_STYLE = Automatic;
				CURRENT_PROJECT_VERSION = 1;
				DEVELOPMENT_TEAM = RWC5K36D88;
				GENERATE_INFOPLIST_FILE = YES;
				INFOPLIST_FILE = "Homework sprint 3/Info.plist";
				INFOPLIST_KEY_UIApplicationSupportsIndirectInputEvents = YES;
				INFOPLIST_KEY_UILaunchStoryboardName = LaunchScreen;
				INFOPLIST_KEY_UIMainStoryboardFile = Main;
				INFOPLIST_KEY_UISupportedInterfaceOrientations_iPad = "UIInterfaceOrientationPortrait UIInterfaceOrientationPortraitUpsideDown UIInterfaceOrientationLandscapeLeft UIInterfaceOrientationLandscapeRight";
				INFOPLIST_KEY_UISupportedInterfaceOrientations_iPhone = "UIInterfaceOrientationPortrait UIInterfaceOrientationLandscapeLeft UIInterfaceOrientationLandscapeRight";
				LD_RUNPATH_SEARCH_PATHS = (
					"$(inherited)",
					"@executable_path/Frameworks",
				);
				MARKETING_VERSION = 1.0;
				PRODUCT_BUNDLE_IDENTIFIER = "-23.Homework-sprint-3";
				PRODUCT_NAME = "$(TARGET_NAME)";
				SWIFT_EMIT_LOC_STRINGS = YES;
				SWIFT_VERSION = 5.0;
				TARGETED_DEVICE_FAMILY = "1,2";
			};
			name = Release;
		};
		186C95FE29BDF2490071BFA4 /* Debug */ = {
			isa = XCBuildConfiguration;
			buildSettings = {
				ALWAYS_EMBED_SWIFT_STANDARD_LIBRARIES = YES;
				BUNDLE_LOADER = "$(TEST_HOST)";
				CODE_SIGN_STYLE = Automatic;
				CURRENT_PROJECT_VERSION = 1;
				DEVELOPMENT_TEAM = RWC5K36D88;
				GENERATE_INFOPLIST_FILE = YES;
				IPHONEOS_DEPLOYMENT_TARGET = 16.2;
				MARKETING_VERSION = 1.0;
				PRODUCT_BUNDLE_IDENTIFIER = "-23.Homework-sprint-3Tests";
				PRODUCT_NAME = "$(TARGET_NAME)";
				SWIFT_EMIT_LOC_STRINGS = NO;
				SWIFT_VERSION = 5.0;
				TARGETED_DEVICE_FAMILY = "1,2";
				TEST_HOST = "$(BUILT_PRODUCTS_DIR)/Homework sprint 3.app/$(BUNDLE_EXECUTABLE_FOLDER_PATH)/Homework sprint 3";
			};
			name = Debug;
		};
		186C95FF29BDF2490071BFA4 /* Release */ = {
			isa = XCBuildConfiguration;
			buildSettings = {
				ALWAYS_EMBED_SWIFT_STANDARD_LIBRARIES = YES;
				BUNDLE_LOADER = "$(TEST_HOST)";
				CODE_SIGN_STYLE = Automatic;
				CURRENT_PROJECT_VERSION = 1;
				DEVELOPMENT_TEAM = RWC5K36D88;
				GENERATE_INFOPLIST_FILE = YES;
				IPHONEOS_DEPLOYMENT_TARGET = 16.2;
				MARKETING_VERSION = 1.0;
				PRODUCT_BUNDLE_IDENTIFIER = "-23.Homework-sprint-3Tests";
				PRODUCT_NAME = "$(TARGET_NAME)";
				SWIFT_EMIT_LOC_STRINGS = NO;
				SWIFT_VERSION = 5.0;
				TARGETED_DEVICE_FAMILY = "1,2";
				TEST_HOST = "$(BUILT_PRODUCTS_DIR)/Homework sprint 3.app/$(BUNDLE_EXECUTABLE_FOLDER_PATH)/Homework sprint 3";
			};
			name = Release;
		};
		186C960129BDF2490071BFA4 /* Debug */ = {
			isa = XCBuildConfiguration;
			buildSettings = {
				ALWAYS_EMBED_SWIFT_STANDARD_LIBRARIES = YES;
				CODE_SIGN_STYLE = Automatic;
				CURRENT_PROJECT_VERSION = 1;
				DEVELOPMENT_TEAM = RWC5K36D88;
				GENERATE_INFOPLIST_FILE = YES;
				MARKETING_VERSION = 1.0;
				PRODUCT_BUNDLE_IDENTIFIER = "-23.Homework-sprint-3UITests";
				PRODUCT_NAME = "$(TARGET_NAME)";
				SWIFT_EMIT_LOC_STRINGS = NO;
				SWIFT_VERSION = 5.0;
				TARGETED_DEVICE_FAMILY = "1,2";
				TEST_TARGET_NAME = "Homework sprint 3";
			};
			name = Debug;
		};
		186C960229BDF2490071BFA4 /* Release */ = {
			isa = XCBuildConfiguration;
			buildSettings = {
				ALWAYS_EMBED_SWIFT_STANDARD_LIBRARIES = YES;
				CODE_SIGN_STYLE = Automatic;
				CURRENT_PROJECT_VERSION = 1;
				DEVELOPMENT_TEAM = RWC5K36D88;
				GENERATE_INFOPLIST_FILE = YES;
				MARKETING_VERSION = 1.0;
				PRODUCT_BUNDLE_IDENTIFIER = "-23.Homework-sprint-3UITests";
				PRODUCT_NAME = "$(TARGET_NAME)";
				SWIFT_EMIT_LOC_STRINGS = NO;
				SWIFT_VERSION = 5.0;
				TARGETED_DEVICE_FAMILY = "1,2";
				TEST_TARGET_NAME = "Homework sprint 3";
			};
			name = Release;
		};
/* End XCBuildConfiguration section */

/* Begin XCConfigurationList section */
		186C95CB29BDF2480071BFA4 /* Build configuration list for PBXProject "Homework sprint 3" */ = {
			isa = XCConfigurationList;
			buildConfigurations = (
				186C95F829BDF2490071BFA4 /* Debug */,
				186C95F929BDF2490071BFA4 /* Release */,
			);
			defaultConfigurationIsVisible = 0;
			defaultConfigurationName = Release;
		};
		186C95FA29BDF2490071BFA4 /* Build configuration list for PBXNativeTarget "Homework sprint 3" */ = {
			isa = XCConfigurationList;
			buildConfigurations = (
				186C95FB29BDF2490071BFA4 /* Debug */,
				186C95FC29BDF2490071BFA4 /* Release */,
			);
			defaultConfigurationIsVisible = 0;
			defaultConfigurationName = Release;
		};
		186C95FD29BDF2490071BFA4 /* Build configuration list for PBXNativeTarget "Homework sprint 3Tests" */ = {
			isa = XCConfigurationList;
			buildConfigurations = (
				186C95FE29BDF2490071BFA4 /* Debug */,
				186C95FF29BDF2490071BFA4 /* Release */,
			);
			defaultConfigurationIsVisible = 0;
			defaultConfigurationName = Release;
		};
		186C960029BDF2490071BFA4 /* Build configuration list for PBXNativeTarget "Homework sprint 3UITests" */ = {
			isa = XCConfigurationList;
			buildConfigurations = (
				186C960129BDF2490071BFA4 /* Debug */,
				186C960229BDF2490071BFA4 /* Release */,
			);
			defaultConfigurationIsVisible = 0;
			defaultConfigurationName = Release;
		};
/* End XCConfigurationList section */
	};
	rootObject = 186C95C829BDF2480071BFA4 /* Project object */;
}
